// !$*UTF8*$!
{
	archiveVersion = 1;
	classes = {
	};
	objectVersion = 55;
	objects = {

/* Begin PBXBuildFile section */
		CA095E87283D9910000312CD /* UIRoundedView.swift in Sources */ = {isa = PBXBuildFile; fileRef = CA095E86283D9910000312CD /* UIRoundedView.swift */; };
		CA095E89283D99EC000312CD /* UIRoundedMiniView.swift in Sources */ = {isa = PBXBuildFile; fileRef = CA095E88283D99EC000312CD /* UIRoundedMiniView.swift */; };
		CA709A33282EA99600788BA0 /* AppDelegate.swift in Sources */ = {isa = PBXBuildFile; fileRef = CA709A32282EA99600788BA0 /* AppDelegate.swift */; };
		CA709A35282EA99600788BA0 /* SceneDelegate.swift in Sources */ = {isa = PBXBuildFile; fileRef = CA709A34282EA99600788BA0 /* SceneDelegate.swift */; };
		CA709A3A282EA99600788BA0 /* Main.storyboard in Resources */ = {isa = PBXBuildFile; fileRef = CA709A38282EA99600788BA0 /* Main.storyboard */; };
		CA709A3C282EA99800788BA0 /* Assets.xcassets in Resources */ = {isa = PBXBuildFile; fileRef = CA709A3B282EA99800788BA0 /* Assets.xcassets */; };
		CA709A3F282EA99800788BA0 /* LaunchScreen.storyboard in Resources */ = {isa = PBXBuildFile; fileRef = CA709A3D282EA99800788BA0 /* LaunchScreen.storyboard */; };
		CAA7F75528590D70004229DF /* HomeVC.swift in Sources */ = {isa = PBXBuildFile; fileRef = CAA7F75428590D70004229DF /* HomeVC.swift */; };
		CAC0B57228340F9B00499913 /* ShoeCollectionViewCell.swift in Sources */ = {isa = PBXBuildFile; fileRef = CAC0B57128340F9B00499913 /* ShoeCollectionViewCell.swift */; };
		CAC0B5742834106C00499913 /* BrandsCollectionViewCell.swift in Sources */ = {isa = PBXBuildFile; fileRef = CAC0B5732834106C00499913 /* BrandsCollectionViewCell.swift */; };
		CAC0B576283410E200499913 /* SuggestionsCollectionViewCell.swift in Sources */ = {isa = PBXBuildFile; fileRef = CAC0B575283410E200499913 /* SuggestionsCollectionViewCell.swift */; };
		CAC0B5782834133200499913 /* Shoe.swift in Sources */ = {isa = PBXBuildFile; fileRef = CAC0B5772834133200499913 /* Shoe.swift */; };
		CAC0B57D2834446400499913 /* API.swift in Sources */ = {isa = PBXBuildFile; fileRef = CAC0B57C2834446400499913 /* API.swift */; };
		CAC0B57F28344CF200499913 /* Brand.swift in Sources */ = {isa = PBXBuildFile; fileRef = CAC0B57E28344CF200499913 /* Brand.swift */; };
/* End PBXBuildFile section */

/* Begin PBXFileReference section */
		CA095E86283D9910000312CD /* UIRoundedView.swift */ = {isa = PBXFileReference; lastKnownFileType = sourcecode.swift; path = UIRoundedView.swift; sourceTree = "<group>"; };
		CA095E88283D99EC000312CD /* UIRoundedMiniView.swift */ = {isa = PBXFileReference; lastKnownFileType = sourcecode.swift; path = UIRoundedMiniView.swift; sourceTree = "<group>"; };
		CA709A2F282EA99600788BA0 /* shoe_shock.app */ = {isa = PBXFileReference; explicitFileType = wrapper.application; includeInIndex = 0; path = shoe_shock.app; sourceTree = BUILT_PRODUCTS_DIR; };
		CA709A32282EA99600788BA0 /* AppDelegate.swift */ = {isa = PBXFileReference; lastKnownFileType = sourcecode.swift; path = AppDelegate.swift; sourceTree = "<group>"; };
		CA709A34282EA99600788BA0 /* SceneDelegate.swift */ = {isa = PBXFileReference; lastKnownFileType = sourcecode.swift; path = SceneDelegate.swift; sourceTree = "<group>"; };
		CA709A39282EA99600788BA0 /* Base */ = {isa = PBXFileReference; lastKnownFileType = file.storyboard; name = Base; path = Base.lproj/Main.storyboard; sourceTree = "<group>"; };
		CA709A3B282EA99800788BA0 /* Assets.xcassets */ = {isa = PBXFileReference; lastKnownFileType = folder.assetcatalog; path = Assets.xcassets; sourceTree = "<group>"; };
		CA709A3E282EA99800788BA0 /* Base */ = {isa = PBXFileReference; lastKnownFileType = file.storyboard; name = Base; path = Base.lproj/LaunchScreen.storyboard; sourceTree = "<group>"; };
		CA709A40282EA99800788BA0 /* Info.plist */ = {isa = PBXFileReference; lastKnownFileType = text.plist.xml; path = Info.plist; sourceTree = "<group>"; };
		CAA7F75428590D70004229DF /* HomeVC.swift */ = {isa = PBXFileReference; lastKnownFileType = sourcecode.swift; path = HomeVC.swift; sourceTree = "<group>"; };
		CAC0B57128340F9B00499913 /* ShoeCollectionViewCell.swift */ = {isa = PBXFileReference; lastKnownFileType = sourcecode.swift; path = ShoeCollectionViewCell.swift; sourceTree = "<group>"; };
		CAC0B5732834106C00499913 /* BrandsCollectionViewCell.swift */ = {isa = PBXFileReference; lastKnownFileType = sourcecode.swift; path = BrandsCollectionViewCell.swift; sourceTree = "<group>"; };
		CAC0B575283410E200499913 /* SuggestionsCollectionViewCell.swift */ = {isa = PBXFileReference; lastKnownFileType = sourcecode.swift; path = SuggestionsCollectionViewCell.swift; sourceTree = "<group>"; };
		CAC0B5772834133200499913 /* Shoe.swift */ = {isa = PBXFileReference; lastKnownFileType = sourcecode.swift; path = Shoe.swift; sourceTree = "<group>"; };
		CAC0B57C2834446400499913 /* API.swift */ = {isa = PBXFileReference; lastKnownFileType = sourcecode.swift; path = API.swift; sourceTree = "<group>"; };
		CAC0B57E28344CF200499913 /* Brand.swift */ = {isa = PBXFileReference; lastKnownFileType = sourcecode.swift; path = Brand.swift; sourceTree = "<group>"; };
/* End PBXFileReference section */

/* Begin PBXFrameworksBuildPhase section */
		CA709A2C282EA99600788BA0 /* Frameworks */ = {
			isa = PBXFrameworksBuildPhase;
			buildActionMask = 2147483647;
			files = (
			);
			runOnlyForDeploymentPostprocessing = 0;
		};
/* End PBXFrameworksBuildPhase section */

/* Begin PBXGroup section */
		CA709A26282EA99600788BA0 = {
			isa = PBXGroup;
			children = (
				CA709A31282EA99600788BA0 /* shoe_shock */,
				CA709A30282EA99600788BA0 /* Products */,
			);
			sourceTree = "<group>";
		};
		CA709A30282EA99600788BA0 /* Products */ = {
			isa = PBXGroup;
			children = (
				CA709A2F282EA99600788BA0 /* shoe_shock.app */,
			);
			name = Products;
			sourceTree = "<group>";
		};
		CA709A31282EA99600788BA0 /* shoe_shock */ = {
			isa = PBXGroup;
			children = (
				CA709A40282EA99800788BA0 /* Info.plist */,
				CA709A46282EA9A900788BA0 /* CRAP */,
				CA709A38282EA99600788BA0 /* Main.storyboard */,
				CAC0B57B2834444B00499913 /* API */,
				CA709A48282EA9D700788BA0 /* Model */,
				CA709A49282EA9DE00788BA0 /* View */,
				CA709A47282EA9CB00788BA0 /* Controller */,
			);
			path = shoe_shock;
			sourceTree = "<group>";
		};
		CA709A46282EA9A900788BA0 /* CRAP */ = {
			isa = PBXGroup;
			children = (
				CA709A32282EA99600788BA0 /* AppDelegate.swift */,
				CA709A34282EA99600788BA0 /* SceneDelegate.swift */,
				CA709A3D282EA99800788BA0 /* LaunchScreen.storyboard */,
				CA709A3B282EA99800788BA0 /* Assets.xcassets */,
			);
			path = CRAP;
			sourceTree = "<group>";
		};
		CA709A47282EA9CB00788BA0 /* Controller */ = {
			isa = PBXGroup;
			children = (
				CAA7F75428590D70004229DF /* HomeVC.swift */,
			);
			path = Controller;
			sourceTree = "<group>";
		};
		CA709A48282EA9D700788BA0 /* Model */ = {
			isa = PBXGroup;
			children = (
				CAC0B57E28344CF200499913 /* Brand.swift */,
				CAC0B5772834133200499913 /* Shoe.swift */,
			);
			path = Model;
			sourceTree = "<group>";
		};
		CA709A49282EA9DE00788BA0 /* View */ = {
			isa = PBXGroup;
			children = (
				CAC0B5732834106C00499913 /* BrandsCollectionViewCell.swift */,
				CAC0B57128340F9B00499913 /* ShoeCollectionViewCell.swift */,
				CAC0B575283410E200499913 /* SuggestionsCollectionViewCell.swift */,
				CA095E86283D9910000312CD /* UIRoundedView.swift */,
				CA095E88283D99EC000312CD /* UIRoundedMiniView.swift */,
			);
			path = View;
			sourceTree = "<group>";
		};
		CAC0B57B2834444B00499913 /* API */ = {
			isa = PBXGroup;
			children = (
				CAC0B57C2834446400499913 /* API.swift */,
			);
			path = API;
			sourceTree = "<group>";
		};
/* End PBXGroup section */

/* Begin PBXNativeTarget section */
		CA709A2E282EA99600788BA0 /* shoe_shock */ = {
			isa = PBXNativeTarget;
			buildConfigurationList = CA709A43282EA99800788BA0 /* Build configuration list for PBXNativeTarget "shoe_shock" */;
			buildPhases = (
				CA709A2B282EA99600788BA0 /* Sources */,
				CA709A2C282EA99600788BA0 /* Frameworks */,
				CA709A2D282EA99600788BA0 /* Resources */,
			);
			buildRules = (
			);
			dependencies = (
			);
			name = shoe_shock;
			productName = shoe_shock;
			productReference = CA709A2F282EA99600788BA0 /* shoe_shock.app */;
			productType = "com.apple.product-type.application";
		};
/* End PBXNativeTarget section */

/* Begin PBXProject section */
		CA709A27282EA99600788BA0 /* Project object */ = {
			isa = PBXProject;
			attributes = {
				BuildIndependentTargetsInParallel = 1;
				LastSwiftUpdateCheck = 1330;
				LastUpgradeCheck = 1330;
				TargetAttributes = {
					CA709A2E282EA99600788BA0 = {
						CreatedOnToolsVersion = 13.3.1;
					};
				};
			};
			buildConfigurationList = CA709A2A282EA99600788BA0 /* Build configuration list for PBXProject "shoe_shock" */;
			compatibilityVersion = "Xcode 13.0";
			developmentRegion = en;
			hasScannedForEncodings = 0;
			knownRegions = (
				en,
				Base,
			);
			mainGroup = CA709A26282EA99600788BA0;
			productRefGroup = CA709A30282EA99600788BA0 /* Products */;
			projectDirPath = "";
			projectRoot = "";
			targets = (
				CA709A2E282EA99600788BA0 /* shoe_shock */,
			);
		};
/* End PBXProject section */

/* Begin PBXResourcesBuildPhase section */
		CA709A2D282EA99600788BA0 /* Resources */ = {
			isa = PBXResourcesBuildPhase;
			buildActionMask = 2147483647;
			files = (
				CA709A3F282EA99800788BA0 /* LaunchScreen.storyboard in Resources */,
				CA709A3C282EA99800788BA0 /* Assets.xcassets in Resources */,
				CA709A3A282EA99600788BA0 /* Main.storyboard in Resources */,
			);
			runOnlyForDeploymentPostprocessing = 0;
		};
/* End PBXResourcesBuildPhase section */

/* Begin PBXSourcesBuildPhase section */
		CA709A2B282EA99600788BA0 /* Sources */ = {
			isa = PBXSourcesBuildPhase;
			buildActionMask = 2147483647;
			files = (
				CA095E89283D99EC000312CD /* UIRoundedMiniView.swift in Sources */,
				CAC0B57F28344CF200499913 /* Brand.swift in Sources */,
				CA095E87283D9910000312CD /* UIRoundedView.swift in Sources */,
				CAC0B57228340F9B00499913 /* ShoeCollectionViewCell.swift in Sources */,
				CAC0B5742834106C00499913 /* BrandsCollectionViewCell.swift in Sources */,
				CAA7F75528590D70004229DF /* HomeVC.swift in Sources */,
				CA709A33282EA99600788BA0 /* AppDelegate.swift in Sources */,
				CAC0B576283410E200499913 /* SuggestionsCollectionViewCell.swift in Sources */,
				CA709A35282EA99600788BA0 /* SceneDelegate.swift in Sources */,
				CAC0B57D2834446400499913 /* API.swift in Sources */,
				CAC0B5782834133200499913 /* Shoe.swift in Sources */,
			);
			runOnlyForDeploymentPostprocessing = 0;
		};
/* End PBXSourcesBuildPhase section */

/* Begin PBXVariantGroup section */
		CA709A38282EA99600788BA0 /* Main.storyboard */ = {
			isa = PBXVariantGroup;
			children = (
				CA709A39282EA99600788BA0 /* Base */,
			);
			name = Main.storyboard;
			sourceTree = "<group>";
		};
		CA709A3D282EA99800788BA0 /* LaunchScreen.storyboard */ = {
			isa = PBXVariantGroup;
			children = (
				CA709A3E282EA99800788BA0 /* Base */,
			);
			name = LaunchScreen.storyboard;
			sourceTree = "<group>";
		};
/* End PBXVariantGroup section */

/* Begin XCBuildConfiguration section */
		CA709A41282EA99800788BA0 /* Debug */ = {
			isa = XCBuildConfiguration;
			buildSettings = {
				ALWAYS_SEARCH_USER_PATHS = NO;
				CLANG_ANALYZER_NONNULL = YES;
				CLANG_ANALYZER_NUMBER_OBJECT_CONVERSION = YES_AGGRESSIVE;
				CLANG_CXX_LANGUAGE_STANDARD = "gnu++17";
				CLANG_ENABLE_MODULES = YES;
				CLANG_ENABLE_OBJC_ARC = YES;
				CLANG_ENABLE_OBJC_WEAK = YES;
				CLANG_WARN_BLOCK_CAPTURE_AUTORELEASING = YES;
				CLANG_WARN_BOOL_CONVERSION = YES;
				CLANG_WARN_COMMA = YES;
				CLANG_WARN_CONSTANT_CONVERSION = YES;
				CLANG_WARN_DEPRECATED_OBJC_IMPLEMENTATIONS = YES;
				CLANG_WARN_DIRECT_OBJC_ISA_USAGE = YES_ERROR;
				CLANG_WARN_DOCUMENTATION_COMMENTS = YES;
				CLANG_WARN_EMPTY_BODY = YES;
				CLANG_WARN_ENUM_CONVERSION = YES;
				CLANG_WARN_INFINITE_RECURSION = YES;
				CLANG_WARN_INT_CONVERSION = YES;
				CLANG_WARN_NON_LITERAL_NULL_CONVERSION = YES;
				CLANG_WARN_OBJC_IMPLICIT_RETAIN_SELF = YES;
				CLANG_WARN_OBJC_LITERAL_CONVERSION = YES;
				CLANG_WARN_OBJC_ROOT_CLASS = YES_ERROR;
				CLANG_WARN_QUOTED_INCLUDE_IN_FRAMEWORK_HEADER = YES;
				CLANG_WARN_RANGE_LOOP_ANALYSIS = YES;
				CLANG_WARN_STRICT_PROTOTYPES = YES;
				CLANG_WARN_SUSPICIOUS_MOVE = YES;
				CLANG_WARN_UNGUARDED_AVAILABILITY = YES_AGGRESSIVE;
				CLANG_WARN_UNREACHABLE_CODE = YES;
				CLANG_WARN__DUPLICATE_METHOD_MATCH = YES;
				COPY_PHASE_STRIP = NO;
				DEBUG_INFORMATION_FORMAT = dwarf;
				ENABLE_STRICT_OBJC_MSGSEND = YES;
				ENABLE_TESTABILITY = YES;
				GCC_C_LANGUAGE_STANDARD = gnu11;
				GCC_DYNAMIC_NO_PIC = NO;
				GCC_NO_COMMON_BLOCKS = YES;
				GCC_OPTIMIZATION_LEVEL = 0;
				GCC_PREPROCESSOR_DEFINITIONS = (
					"DEBUG=1",
					"$(inherited)",
				);
				GCC_WARN_64_TO_32_BIT_CONVERSION = YES;
				GCC_WARN_ABOUT_RETURN_TYPE = YES_ERROR;
				GCC_WARN_UNDECLARED_SELECTOR = YES;
				GCC_WARN_UNINITIALIZED_AUTOS = YES_AGGRESSIVE;
				GCC_WARN_UNUSED_FUNCTION = YES;
				GCC_WARN_UNUSED_VARIABLE = YES;
				IPHONEOS_DEPLOYMENT_TARGET = 15.4;
				MTL_ENABLE_DEBUG_INFO = INCLUDE_SOURCE;
				MTL_FAST_MATH = YES;
				ONLY_ACTIVE_ARCH = YES;
				SDKROOT = iphoneos;
				SWIFT_ACTIVE_COMPILATION_CONDITIONS = DEBUG;
				SWIFT_OPTIMIZATION_LEVEL = "-Onone";
			};
			name = Debug;
		};
		CA709A42282EA99800788BA0 /* Release */ = {
			isa = XCBuildConfiguration;
			buildSettings = {
				ALWAYS_SEARCH_USER_PATHS = NO;
				CLANG_ANALYZER_NONNULL = YES;
				CLANG_ANALYZER_NUMBER_OBJECT_CONVERSION = YES_AGGRESSIVE;
				CLANG_CXX_LANGUAGE_STANDARD = "gnu++17";
				CLANG_ENABLE_MODULES = YES;
				CLANG_ENABLE_OBJC_ARC = YES;
				CLANG_ENABLE_OBJC_WEAK = YES;
				CLANG_WARN_BLOCK_CAPTURE_AUTORELEASING = YES;
				CLANG_WARN_BOOL_CONVERSION = YES;
				CLANG_WARN_COMMA = YES;
				CLANG_WARN_CONSTANT_CONVERSION = YES;
				CLANG_WARN_DEPRECATED_OBJC_IMPLEMENTATIONS = YES;
				CLANG_WARN_DIRECT_OBJC_ISA_USAGE = YES_ERROR;
				CLANG_WARN_DOCUMENTATION_COMMENTS = YES;
				CLANG_WARN_EMPTY_BODY = YES;
				CLANG_WARN_ENUM_CONVERSION = YES;
				CLANG_WARN_INFINITE_RECURSION = YES;
				CLANG_WARN_INT_CONVERSION = YES;
				CLANG_WARN_NON_LITERAL_NULL_CONVERSION = YES;
				CLANG_WARN_OBJC_IMPLICIT_RETAIN_SELF = YES;
				CLANG_WARN_OBJC_LITERAL_CONVERSION = YES;
				CLANG_WARN_OBJC_ROOT_CLASS = YES_ERROR;
				CLANG_WARN_QUOTED_INCLUDE_IN_FRAMEWORK_HEADER = YES;
				CLANG_WARN_RANGE_LOOP_ANALYSIS = YES;
				CLANG_WARN_STRICT_PROTOTYPES = YES;
				CLANG_WARN_SUSPICIOUS_MOVE = YES;
				CLANG_WARN_UNGUARDED_AVAILABILITY = YES_AGGRESSIVE;
				CLANG_WARN_UNREACHABLE_CODE = YES;
				CLANG_WARN__DUPLICATE_METHOD_MATCH = YES;
				COPY_PHASE_STRIP = NO;
				DEBUG_INFORMATION_FORMAT = "dwarf-with-dsym";
				ENABLE_NS_ASSERTIONS = NO;
				ENABLE_STRICT_OBJC_MSGSEND = YES;
				GCC_C_LANGUAGE_STANDARD = gnu11;
				GCC_NO_COMMON_BLOCKS = YES;
				GCC_WARN_64_TO_32_BIT_CONVERSION = YES;
				GCC_WARN_ABOUT_RETURN_TYPE = YES_ERROR;
				GCC_WARN_UNDECLARED_SELECTOR = YES;
				GCC_WARN_UNINITIALIZED_AUTOS = YES_AGGRESSIVE;
				GCC_WARN_UNUSED_FUNCTION = YES;
				GCC_WARN_UNUSED_VARIABLE = YES;
				IPHONEOS_DEPLOYMENT_TARGET = 15.4;
				MTL_ENABLE_DEBUG_INFO = NO;
				MTL_FAST_MATH = YES;
				SDKROOT = iphoneos;
				SWIFT_COMPILATION_MODE = wholemodule;
				SWIFT_OPTIMIZATION_LEVEL = "-O";
				VALIDATE_PRODUCT = YES;
			};
			name = Release;
		};
		CA709A44282EA99800788BA0 /* Debug */ = {
			isa = XCBuildConfiguration;
			buildSettings = {
				ASSETCATALOG_COMPILER_APPICON_NAME = AppIcon;
				ASSETCATALOG_COMPILER_GLOBAL_ACCENT_COLOR_NAME = AccentColor;
				CODE_SIGN_STYLE = Automatic;
				CURRENT_PROJECT_VERSION = 1;
				DEVELOPMENT_TEAM = 9U8MS35934;
				GENERATE_INFOPLIST_FILE = YES;
				INFOPLIST_FILE = shoe_shock/Info.plist;
				INFOPLIST_KEY_UIApplicationSupportsIndirectInputEvents = YES;
				INFOPLIST_KEY_UILaunchStoryboardName = LaunchScreen;
				INFOPLIST_KEY_UIMainStoryboardFile = Main;
				INFOPLIST_KEY_UISupportedInterfaceOrientations_iPad = "UIInterfaceOrientationPortrait UIInterfaceOrientationPortraitUpsideDown UIInterfaceOrientationLandscapeLeft UIInterfaceOrientationLandscapeRight";
				INFOPLIST_KEY_UISupportedInterfaceOrientations_iPhone = "UIInterfaceOrientationPortrait UIInterfaceOrientationLandscapeLeft UIInterfaceOrientationLandscapeRight";
				LD_RUNPATH_SEARCH_PATHS = (
					"$(inherited)",
					"@executable_path/Frameworks",
				);
				MARKETING_VERSION = 1.0;
				PRODUCT_BUNDLE_IDENTIFIER = "com.nan.shoe-shock";
				PRODUCT_NAME = "$(TARGET_NAME)";
				SWIFT_EMIT_LOC_STRINGS = YES;
				SWIFT_VERSION = 5.0;
				TARGETED_DEVICE_FAMILY = "1,2";
			};
			name = Debug;
		};
		CA709A45282EA99800788BA0 /* Release */ = {
			isa = XCBuildConfiguration;
			buildSettings = {
				ASSETCATALOG_COMPILER_APPICON_NAME = AppIcon;
				ASSETCATALOG_COMPILER_GLOBAL_ACCENT_COLOR_NAME = AccentColor;
				CODE_SIGN_STYLE = Automatic;
				CURRENT_PROJECT_VERSION = 1;
				DEVELOPMENT_TEAM = 9U8MS35934;
				GENERATE_INFOPLIST_FILE = YES;
				INFOPLIST_FILE = shoe_shock/Info.plist;
				INFOPLIST_KEY_UIApplicationSupportsIndirectInputEvents = YES;
				INFOPLIST_KEY_UILaunchStoryboardName = LaunchScreen;
				INFOPLIST_KEY_UIMainStoryboardFile = Main;
				INFOPLIST_KEY_UISupportedInterfaceOrientations_iPad = "UIInterfaceOrientationPortrait UIInterfaceOrientationPortraitUpsideDown UIInterfaceOrientationLandscapeLeft UIInterfaceOrientationLandscapeRight";
				INFOPLIST_KEY_UISupportedInterfaceOrientations_iPhone = "UIInterfaceOrientationPortrait UIInterfaceOrientationLandscapeLeft UIInterfaceOrientationLandscapeRight";
				LD_RUNPATH_SEARCH_PATHS = (
					"$(inherited)",
					"@executable_path/Frameworks",
				);
				MARKETING_VERSION = 1.0;
				PRODUCT_BUNDLE_IDENTIFIER = "com.nan.shoe-shock";
				PRODUCT_NAME = "$(TARGET_NAME)";
				SWIFT_EMIT_LOC_STRINGS = YES;
				SWIFT_VERSION = 5.0;
				TARGETED_DEVICE_FAMILY = "1,2";
			};
			name = Release;
		};
/* End XCBuildConfiguration section */

/* Begin XCConfigurationList section */
		CA709A2A282EA99600788BA0 /* Build configuration list for PBXProject "shoe_shock" */ = {
			isa = XCConfigurationList;
			buildConfigurations = (
				CA709A41282EA99800788BA0 /* Debug */,
				CA709A42282EA99800788BA0 /* Release */,
			);
			defaultConfigurationIsVisible = 0;
			defaultConfigurationName = Release;
		};
		CA709A43282EA99800788BA0 /* Build configuration list for PBXNativeTarget "shoe_shock" */ = {
			isa = XCConfigurationList;
			buildConfigurations = (
				CA709A44282EA99800788BA0 /* Debug */,
				CA709A45282EA99800788BA0 /* Release */,
			);
			defaultConfigurationIsVisible = 0;
			defaultConfigurationName = Release;
		};
/* End XCConfigurationList section */
	};
	rootObject = CA709A27282EA99600788BA0 /* Project object */;
}
